// !$*UTF8*$!
{
	archiveVersion = 1;
	classes = {
	};
	objectVersion = 55;
	objects = {

/* Begin PBXBuildFile section */
		13954E0B283FA983007F26CC /* AppDelegate.swift in Sources */ = {isa = PBXBuildFile; fileRef = 13954E0A283FA983007F26CC /* AppDelegate.swift */; };
		13954E0D283FA983007F26CC /* SceneDelegate.swift in Sources */ = {isa = PBXBuildFile; fileRef = 13954E0C283FA983007F26CC /* SceneDelegate.swift */; };
		13954E0F283FA983007F26CC /* ViewController.swift in Sources */ = {isa = PBXBuildFile; fileRef = 13954E0E283FA983007F26CC /* ViewController.swift */; };
		13954E14283FA984007F26CC /* Assets.xcassets in Resources */ = {isa = PBXBuildFile; fileRef = 13954E13283FA984007F26CC /* Assets.xcassets */; };
		13954E17283FA984007F26CC /* LaunchScreen.storyboard in Resources */ = {isa = PBXBuildFile; fileRef = 13954E15283FA984007F26CC /* LaunchScreen.storyboard */; };
		13954E22283FAC1C007F26CC /* UIVIewWithConstraints.swift in Sources */ = {isa = PBXBuildFile; fileRef = 13954E21283FAC1C007F26CC /* UIVIewWithConstraints.swift */; };
		13954E24283FAC3D007F26CC /* UIColorWithRandow.swift in Sources */ = {isa = PBXBuildFile; fileRef = 13954E23283FAC3D007F26CC /* UIColorWithRandow.swift */; };
		13954E26283FAC60007F26CC /* ViewCode.swift in Sources */ = {isa = PBXBuildFile; fileRef = 13954E25283FAC60007F26CC /* ViewCode.swift */; };
/* End PBXBuildFile section */

/* Begin PBXFileReference section */
		13954E07283FA983007F26CC /* DiffableDataSource.app */ = {isa = PBXFileReference; explicitFileType = wrapper.application; includeInIndex = 0; path = DiffableDataSource.app; sourceTree = BUILT_PRODUCTS_DIR; };
		13954E0A283FA983007F26CC /* AppDelegate.swift */ = {isa = PBXFileReference; lastKnownFileType = sourcecode.swift; path = AppDelegate.swift; sourceTree = "<group>"; };
		13954E0C283FA983007F26CC /* SceneDelegate.swift */ = {isa = PBXFileReference; lastKnownFileType = sourcecode.swift; path = SceneDelegate.swift; sourceTree = "<group>"; };
		13954E0E283FA983007F26CC /* ViewController.swift */ = {isa = PBXFileReference; lastKnownFileType = sourcecode.swift; path = ViewController.swift; sourceTree = "<group>"; };
		13954E13283FA984007F26CC /* Assets.xcassets */ = {isa = PBXFileReference; lastKnownFileType = folder.assetcatalog; path = Assets.xcassets; sourceTree = "<group>"; };
		13954E16283FA984007F26CC /* Base */ = {isa = PBXFileReference; lastKnownFileType = file.storyboard; name = Base; path = Base.lproj/LaunchScreen.storyboard; sourceTree = "<group>"; };
		13954E18283FA984007F26CC /* Info.plist */ = {isa = PBXFileReference; lastKnownFileType = text.plist.xml; path = Info.plist; sourceTree = "<group>"; };
		13954E21283FAC1C007F26CC /* UIVIewWithConstraints.swift */ = {isa = PBXFileReference; lastKnownFileType = sourcecode.swift; path = UIVIewWithConstraints.swift; sourceTree = "<group>"; };
		13954E23283FAC3D007F26CC /* UIColorWithRandow.swift */ = {isa = PBXFileReference; lastKnownFileType = sourcecode.swift; path = UIColorWithRandow.swift; sourceTree = "<group>"; };
		13954E25283FAC60007F26CC /* ViewCode.swift */ = {isa = PBXFileReference; lastKnownFileType = sourcecode.swift; path = ViewCode.swift; sourceTree = "<group>"; };
/* End PBXFileReference section */

/* Begin PBXFrameworksBuildPhase section */
		13954E04283FA983007F26CC /* Frameworks */ = {
			isa = PBXFrameworksBuildPhase;
			buildActionMask = 2147483647;
			files = (
			);
			runOnlyForDeploymentPostprocessing = 0;
		};
/* End PBXFrameworksBuildPhase section */

/* Begin PBXGroup section */
		13954DFE283FA983007F26CC = {
			isa = PBXGroup;
			children = (
				13954E09283FA983007F26CC /* DiffableDataSource */,
				13954E08283FA983007F26CC /* Products */,
			);
			sourceTree = "<group>";
		};
		13954E08283FA983007F26CC /* Products */ = {
			isa = PBXGroup;
			children = (
				13954E07283FA983007F26CC /* DiffableDataSource.app */,
			);
			name = Products;
			sourceTree = "<group>";
		};
		13954E09283FA983007F26CC /* DiffableDataSource */ = {
			isa = PBXGroup;
			children = (
				13954E1E283FAB9A007F26CC /* AppDelegate */,
				13954E1F283FABB9007F26CC /* Utils */,
				13954E20283FABDC007F26CC /* Controller */,
				13954E13283FA984007F26CC /* Assets.xcassets */,
				13954E15283FA984007F26CC /* LaunchScreen.storyboard */,
				13954E18283FA984007F26CC /* Info.plist */,
			);
			path = DiffableDataSource;
			sourceTree = "<group>";
		};
		13954E1E283FAB9A007F26CC /* AppDelegate */ = {
			isa = PBXGroup;
			children = (
				13954E0A283FA983007F26CC /* AppDelegate.swift */,
				13954E0C283FA983007F26CC /* SceneDelegate.swift */,
			);
			path = AppDelegate;
			sourceTree = "<group>";
		};
		13954E1F283FABB9007F26CC /* Utils */ = {
			isa = PBXGroup;
			children = (
				13954E21283FAC1C007F26CC /* UIVIewWithConstraints.swift */,
				13954E23283FAC3D007F26CC /* UIColorWithRandow.swift */,
				13954E25283FAC60007F26CC /* ViewCode.swift */,
			);
			path = Utils;
			sourceTree = "<group>";
		};
		13954E20283FABDC007F26CC /* Controller */ = {
			isa = PBXGroup;
			children = (
				13954E0E283FA983007F26CC /* ViewController.swift */,
			);
			path = Controller;
			sourceTree = "<group>";
		};
/* End PBXGroup section */

/* Begin PBXNativeTarget section */
		13954E06283FA983007F26CC /* DiffableDataSource */ = {
			isa = PBXNativeTarget;
			buildConfigurationList = 13954E1B283FA984007F26CC /* Build configuration list for PBXNativeTarget "DiffableDataSource" */;
			buildPhases = (
				13954E03283FA983007F26CC /* Sources */,
				13954E04283FA983007F26CC /* Frameworks */,
				13954E05283FA983007F26CC /* Resources */,
			);
			buildRules = (
			);
			dependencies = (
			);
			name = DiffableDataSource;
			productName = DiffableDataSource;
			productReference = 13954E07283FA983007F26CC /* DiffableDataSource.app */;
			productType = "com.apple.product-type.application";
		};
/* End PBXNativeTarget section */

/* Begin PBXProject section */
		13954DFF283FA983007F26CC /* Project object */ = {
			isa = PBXProject;
			attributes = {
				BuildIndependentTargetsInParallel = 1;
				LastSwiftUpdateCheck = 1340;
				LastUpgradeCheck = 1340;
				TargetAttributes = {
					13954E06283FA983007F26CC = {
						CreatedOnToolsVersion = 13.4;
					};
				};
			};
			buildConfigurationList = 13954E02283FA983007F26CC /* Build configuration list for PBXProject "DiffableDataSource" */;
			compatibilityVersion = "Xcode 13.0";
			developmentRegion = en;
			hasScannedForEncodings = 0;
			knownRegions = (
				en,
				Base,
			);
			mainGroup = 13954DFE283FA983007F26CC;
			productRefGroup = 13954E08283FA983007F26CC /* Products */;
			projectDirPath = "";
			projectRoot = "";
			targets = (
				13954E06283FA983007F26CC /* DiffableDataSource */,
			);
		};
/* End PBXProject section */

/* Begin PBXResourcesBuildPhase section */
		13954E05283FA983007F26CC /* Resources */ = {
			isa = PBXResourcesBuildPhase;
			buildActionMask = 2147483647;
			files = (
				13954E17283FA984007F26CC /* LaunchScreen.storyboard in Resources */,
				13954E14283FA984007F26CC /* Assets.xcassets in Resources */,
			);
			runOnlyForDeploymentPostprocessing = 0;
		};
/* End PBXResourcesBuildPhase section */

/* Begin PBXSourcesBuildPhase section */
		13954E03283FA983007F26CC /* Sources */ = {
			isa = PBXSourcesBuildPhase;
			buildActionMask = 2147483647;
			files = (
				13954E0F283FA983007F26CC /* ViewController.swift in Sources */,
				13954E0B283FA983007F26CC /* AppDelegate.swift in Sources */,
				13954E0D283FA983007F26CC /* SceneDelegate.swift in Sources */,
				13954E22283FAC1C007F26CC /* UIVIewWithConstraints.swift in Sources */,
				13954E24283FAC3D007F26CC /* UIColorWithRandow.swift in Sources */,
				13954E26283FAC60007F26CC /* ViewCode.swift in Sources */,
			);
			runOnlyForDeploymentPostprocessing = 0;
		};
/* End PBXSourcesBuildPhase section */

/* Begin PBXVariantGroup section */
		13954E15283FA984007F26CC /* LaunchScreen.storyboard */ = {
			isa = PBXVariantGroup;
			children = (
				13954E16283FA984007F26CC /* Base */,
			);
			name = LaunchScreen.storyboard;
			sourceTree = "<group>";
		};
/* End PBXVariantGroup section */

/* Begin XCBuildConfiguration section */
		13954E19283FA984007F26CC /* Debug */ = {
			isa = XCBuildConfiguration;
			buildSettings = {
				ALWAYS_SEARCH_USER_PATHS = NO;
				CLANG_ANALYZER_NONNULL = YES;
				CLANG_ANALYZER_NUMBER_OBJECT_CONVERSION = YES_AGGRESSIVE;
				CLANG_CXX_LANGUAGE_STANDARD = "gnu++17";
				CLANG_ENABLE_MODULES = YES;
				CLANG_ENABLE_OBJC_ARC = YES;
				CLANG_ENABLE_OBJC_WEAK = YES;
				CLANG_WARN_BLOCK_CAPTURE_AUTORELEASING = YES;
				CLANG_WARN_BOOL_CONVERSION = YES;
				CLANG_WARN_COMMA = YES;
				CLANG_WARN_CONSTANT_CONVERSION = YES;
				CLANG_WARN_DEPRECATED_OBJC_IMPLEMENTATIONS = YES;
				CLANG_WARN_DIRECT_OBJC_ISA_USAGE = YES_ERROR;
				CLANG_WARN_DOCUMENTATION_COMMENTS = YES;
				CLANG_WARN_EMPTY_BODY = YES;
				CLANG_WARN_ENUM_CONVERSION = YES;
				CLANG_WARN_INFINITE_RECURSION = YES;
				CLANG_WARN_INT_CONVERSION = YES;
				CLANG_WARN_NON_LITERAL_NULL_CONVERSION = YES;
				CLANG_WARN_OBJC_IMPLICIT_RETAIN_SELF = YES;
				CLANG_WARN_OBJC_LITERAL_CONVERSION = YES;
				CLANG_WARN_OBJC_ROOT_CLASS = YES_ERROR;
				CLANG_WARN_QUOTED_INCLUDE_IN_FRAMEWORK_HEADER = YES;
				CLANG_WARN_RANGE_LOOP_ANALYSIS = YES;
				CLANG_WARN_STRICT_PROTOTYPES = YES;
				CLANG_WARN_SUSPICIOUS_MOVE = YES;
				CLANG_WARN_UNGUARDED_AVAILABILITY = YES_AGGRESSIVE;
				CLANG_WARN_UNREACHABLE_CODE = YES;
				CLANG_WARN__DUPLICATE_METHOD_MATCH = YES;
				COPY_PHASE_STRIP = NO;
				DEBUG_INFORMATION_FORMAT = dwarf;
				ENABLE_STRICT_OBJC_MSGSEND = YES;
				ENABLE_TESTABILITY = YES;
				GCC_C_LANGUAGE_STANDARD = gnu11;
				GCC_DYNAMIC_NO_PIC = NO;
				GCC_NO_COMMON_BLOCKS = YES;
				GCC_OPTIMIZATION_LEVEL = 0;
				GCC_PREPROCESSOR_DEFINITIONS = (
					"DEBUG=1",
					"$(inherited)",
				);
				GCC_WARN_64_TO_32_BIT_CONVERSION = YES;
				GCC_WARN_ABOUT_RETURN_TYPE = YES_ERROR;
				GCC_WARN_UNDECLARED_SELECTOR = YES;
				GCC_WARN_UNINITIALIZED_AUTOS = YES_AGGRESSIVE;
				GCC_WARN_UNUSED_FUNCTION = YES;
				GCC_WARN_UNUSED_VARIABLE = YES;
				IPHONEOS_DEPLOYMENT_TARGET = 15.5;
				MTL_ENABLE_DEBUG_INFO = INCLUDE_SOURCE;
				MTL_FAST_MATH = YES;
				ONLY_ACTIVE_ARCH = YES;
				SDKROOT = iphoneos;
				SWIFT_ACTIVE_COMPILATION_CONDITIONS = DEBUG;
				SWIFT_OPTIMIZATION_LEVEL = "-Onone";
			};
			name = Debug;
		};
		13954E1A283FA984007F26CC /* Release */ = {
			isa = XCBuildConfiguration;
			buildSettings = {
				ALWAYS_SEARCH_USER_PATHS = NO;
				CLANG_ANALYZER_NONNULL = YES;
				CLANG_ANALYZER_NUMBER_OBJECT_CONVERSION = YES_AGGRESSIVE;
				CLANG_CXX_LANGUAGE_STANDARD = "gnu++17";
				CLANG_ENABLE_MODULES = YES;
				CLANG_ENABLE_OBJC_ARC = YES;
				CLANG_ENABLE_OBJC_WEAK = YES;
				CLANG_WARN_BLOCK_CAPTURE_AUTORELEASING = YES;
				CLANG_WARN_BOOL_CONVERSION = YES;
				CLANG_WARN_COMMA = YES;
				CLANG_WARN_CONSTANT_CONVERSION = YES;
				CLANG_WARN_DEPRECATED_OBJC_IMPLEMENTATIONS = YES;
				CLANG_WARN_DIRECT_OBJC_ISA_USAGE = YES_ERROR;
				CLANG_WARN_DOCUMENTATION_COMMENTS = YES;
				CLANG_WARN_EMPTY_BODY = YES;
				CLANG_WARN_ENUM_CONVERSION = YES;
				CLANG_WARN_INFINITE_RECURSION = YES;
				CLANG_WARN_INT_CONVERSION = YES;
				CLANG_WARN_NON_LITERAL_NULL_CONVERSION = YES;
				CLANG_WARN_OBJC_IMPLICIT_RETAIN_SELF = YES;
				CLANG_WARN_OBJC_LITERAL_CONVERSION = YES;
				CLANG_WARN_OBJC_ROOT_CLASS = YES_ERROR;
				CLANG_WARN_QUOTED_INCLUDE_IN_FRAMEWORK_HEADER = YES;
				CLANG_WARN_RANGE_LOOP_ANALYSIS = YES;
				CLANG_WARN_STRICT_PROTOTYPES = YES;
				CLANG_WARN_SUSPICIOUS_MOVE = YES;
				CLANG_WARN_UNGUARDED_AVAILABILITY = YES_AGGRESSIVE;
				CLANG_WARN_UNREACHABLE_CODE = YES;
				CLANG_WARN__DUPLICATE_METHOD_MATCH = YES;
				COPY_PHASE_STRIP = NO;
				DEBUG_INFORMATION_FORMAT = "dwarf-with-dsym";
				ENABLE_NS_ASSERTIONS = NO;
				ENABLE_STRICT_OBJC_MSGSEND = YES;
				GCC_C_LANGUAGE_STANDARD = gnu11;
				GCC_NO_COMMON_BLOCKS = YES;
				GCC_WARN_64_TO_32_BIT_CONVERSION = YES;
				GCC_WARN_ABOUT_RETURN_TYPE = YES_ERROR;
				GCC_WARN_UNDECLARED_SELECTOR = YES;
				GCC_WARN_UNINITIALIZED_AUTOS = YES_AGGRESSIVE;
				GCC_WARN_UNUSED_FUNCTION = YES;
				GCC_WARN_UNUSED_VARIABLE = YES;
				IPHONEOS_DEPLOYMENT_TARGET = 15.5;
				MTL_ENABLE_DEBUG_INFO = NO;
				MTL_FAST_MATH = YES;
				SDKROOT = iphoneos;
				SWIFT_COMPILATION_MODE = wholemodule;
				SWIFT_OPTIMIZATION_LEVEL = "-O";
				VALIDATE_PRODUCT = YES;
			};
			name = Release;
		};
		13954E1C283FA984007F26CC /* Debug */ = {
			isa = XCBuildConfiguration;
			buildSettings = {
				ASSETCATALOG_COMPILER_APPICON_NAME = AppIcon;
				ASSETCATALOG_COMPILER_GLOBAL_ACCENT_COLOR_NAME = AccentColor;
				CODE_SIGN_STYLE = Automatic;
				CURRENT_PROJECT_VERSION = 1;
				GENERATE_INFOPLIST_FILE = YES;
				INFOPLIST_FILE = DiffableDataSource/Info.plist;
				INFOPLIST_KEY_UIApplicationSupportsIndirectInputEvents = YES;
				INFOPLIST_KEY_UILaunchStoryboardName = LaunchScreen;
				INFOPLIST_KEY_UISupportedInterfaceOrientations_iPad = "UIInterfaceOrientationPortrait UIInterfaceOrientationPortraitUpsideDown UIInterfaceOrientationLandscapeLeft UIInterfaceOrientationLandscapeRight";
				INFOPLIST_KEY_UISupportedInterfaceOrientations_iPhone = "UIInterfaceOrientationPortrait UIInterfaceOrientationLandscapeLeft UIInterfaceOrientationLandscapeRight";
				LD_RUNPATH_SEARCH_PATHS = (
					"$(inherited)",
					"@executable_path/Frameworks",
				);
				MARKETING_VERSION = 1.0;
				PRODUCT_BUNDLE_IDENTIFIER = "Pedro-Ivo-Aquino.DiffableDataSource";
				PRODUCT_NAME = "$(TARGET_NAME)";
				SWIFT_EMIT_LOC_STRINGS = YES;
				SWIFT_VERSION = 5.0;
				TARGETED_DEVICE_FAMILY = "1,2";
			};
			name = Debug;
		};
		13954E1D283FA984007F26CC /* Release */ = {
			isa = XCBuildConfiguration;
			buildSettings = {
				ASSETCATALOG_COMPILER_APPICON_NAME = AppIcon;
				ASSETCATALOG_COMPILER_GLOBAL_ACCENT_COLOR_NAME = AccentColor;
				CODE_SIGN_STYLE = Automatic;
				CURRENT_PROJECT_VERSION = 1;
				GENERATE_INFOPLIST_FILE = YES;
				INFOPLIST_FILE = DiffableDataSource/Info.plist;
				INFOPLIST_KEY_UIApplicationSupportsIndirectInputEvents = YES;
				INFOPLIST_KEY_UILaunchStoryboardName = LaunchScreen;
				INFOPLIST_KEY_UISupportedInterfaceOrientations_iPad = "UIInterfaceOrientationPortrait UIInterfaceOrientationPortraitUpsideDown UIInterfaceOrientationLandscapeLeft UIInterfaceOrientationLandscapeRight";
				INFOPLIST_KEY_UISupportedInterfaceOrientations_iPhone = "UIInterfaceOrientationPortrait UIInterfaceOrientationLandscapeLeft UIInterfaceOrientationLandscapeRight";
				LD_RUNPATH_SEARCH_PATHS = (
					"$(inherited)",
					"@executable_path/Frameworks",
				);
				MARKETING_VERSION = 1.0;
				PRODUCT_BUNDLE_IDENTIFIER = "Pedro-Ivo-Aquino.DiffableDataSource";
				PRODUCT_NAME = "$(TARGET_NAME)";
				SWIFT_EMIT_LOC_STRINGS = YES;
				SWIFT_VERSION = 5.0;
				TARGETED_DEVICE_FAMILY = "1,2";
			};
			name = Release;
		};
/* End XCBuildConfiguration section */

/* Begin XCConfigurationList section */
		13954E02283FA983007F26CC /* Build configuration list for PBXProject "DiffableDataSource" */ = {
			isa = XCConfigurationList;
			buildConfigurations = (
				13954E19283FA984007F26CC /* Debug */,
				13954E1A283FA984007F26CC /* Release */,
			);
			defaultConfigurationIsVisible = 0;
			defaultConfigurationName = Release;
		};
		13954E1B283FA984007F26CC /* Build configuration list for PBXNativeTarget "DiffableDataSource" */ = {
			isa = XCConfigurationList;
			buildConfigurations = (
				13954E1C283FA984007F26CC /* Debug */,
				13954E1D283FA984007F26CC /* Release */,
			);
			defaultConfigurationIsVisible = 0;
			defaultConfigurationName = Release;
		};
/* End XCConfigurationList section */
	};
	rootObject = 13954DFF283FA983007F26CC /* Project object */;
}
